
Microsoft Visual Studio Solution File, Format Version 12.00
# Visual Studio Version 17
VisualStudioVersion = 17.10.35013.160
MinimumVisualStudioVersion = 10.0.40219.1
Project("{FAE04EC0-301F-11D3-BF4B-00C04F79EFBC}") = "001-Task", "001-Task\001-Task.csproj", "{E012BF19-FB44-4456-9932-063EC0F9EE4B}"
EndProject
Project("{FAE04EC0-301F-11D3-BF4B-00C04F79EFBC}") = "002-Task", "002-Task\002-Task.csproj", "{5C59D925-EAD3-4FCD-9FB0-3D4659CB64C4}"
EndProject
Project("{FAE04EC0-301F-11D3-BF4B-00C04F79EFBC}") = "003-Task", "003-Task\003-Task.csproj", "{3600AA8D-1D6D-4B71-8D26-9D99B48C6EEB}"
EndProject
Project("{FAE04EC0-301F-11D3-BF4B-00C04F79EFBC}") = "004-Task", "004-Task\004-Task.csproj", "{06115B73-EE0D-4293-BEFB-80A53B8F42DC}"
EndProject
Project("{FAE04EC0-301F-11D3-BF4B-00C04F79EFBC}") = "005-Task", "005-Task\005-Task.csproj", "{ECBFBFD0-83AF-42EC-AA54-ED597E727BE3}"
EndProject
Project("{FAE04EC0-301F-11D3-BF4B-00C04F79EFBC}") = "006-Task", "006-Task\006-Task.csproj", "{594CD1D1-8452-4CF6-A72D-0773A408A7E1}"
EndProject
Project("{FAE04EC0-301F-11D3-BF4B-00C04F79EFBC}") = "007-Task", "007-Task\007-Task.csproj", "{C66AE2BD-D873-4B8A-A05C-C8B3605574B5}"
EndProject
Project("{FAE04EC0-301F-11D3-BF4B-00C04F79EFBC}") = "008-Task", "008-Task\008-Task.csproj", "{6E61D49A-4006-46D1-B73D-53F8C2221DE3}"
EndProject
Project("{FAE04EC0-301F-11D3-BF4B-00C04F79EFBC}") = "009-Task", "009-Task\009-Task.csproj", "{716AA80D-95BE-43A1-9915-4105DD0F691C}"
EndProject
Project("{FAE04EC0-301F-11D3-BF4B-00C04F79EFBC}") = "010-Task", "010-Task\010-Task.csproj", "{40F0A8D7-CEA1-4350-992D-EDAA83C95011}"
EndProject
Project("{FAE04EC0-301F-11D3-BF4B-00C04F79EFBC}") = "011-Task", "011-Task\011-Task.csproj", "{23C6E233-5E87-43BD-A0E1-A0742C5E4AD4}"
EndProject
Project("{FAE04EC0-301F-11D3-BF4B-00C04F79EFBC}") = "012-Task", "012-Task\012-Task.csproj", "{AB2D8762-502F-4D1A-A5BD-1F47D98EB025}"
EndProject
Project("{FAE04EC0-301F-11D3-BF4B-00C04F79EFBC}") = "013-Task", "013-Task\013-Task.csproj", "{5EBA8826-0E1E-48BF-AC2D-D96216E8C427}"
EndProject
Project("{FAE04EC0-301F-11D3-BF4B-00C04F79EFBC}") = "014-Task", "014-Task\014-Task.csproj", "{704259F7-3CC8-4321-AFD1-2AA76E087BBA}"
EndProject
Project("{FAE04EC0-301F-11D3-BF4B-00C04F79EFBC}") = "015-Task", "015-Task\015-Task.csproj", "{148002AF-1725-4EE5-A3B1-9C77EC864D92}"
EndProject
Project("{FAE04EC0-301F-11D3-BF4B-00C04F79EFBC}") = "016-Task", "016-Task\016-Task.csproj", "{FA79F3E3-F97B-4C6C-9764-EFB265F31837}"
EndProject
Project("{FAE04EC0-301F-11D3-BF4B-00C04F79EFBC}") = "017-Task", "017-Task\017-Task.csproj", "{BC20B003-7F0F-4E5C-8130-2BDE73B83E43}"
EndProject
Project("{FAE04EC0-301F-11D3-BF4B-00C04F79EFBC}") = "018-Task", "018-Task\018-Task.csproj", "{49D529E2-B9E8-4973-8E24-0AD2F4C26171}"
EndProject
Project("{FAE04EC0-301F-11D3-BF4B-00C04F79EFBC}") = "019-Task", "019-Task\019-Task.csproj", "{3DA73A0D-D19A-424E-9A1B-AD29319ACD1F}"
EndProject
Project("{FAE04EC0-301F-11D3-BF4B-00C04F79EFBC}") = "020-Task", "020-Task\020-Task.csproj", "{36CC1B23-CF99-4994-BE0C-0ECAD9446111}"
EndProject
Project("{FAE04EC0-301F-11D3-BF4B-00C04F79EFBC}") = "021-Task", "021-Task\021-Task.csproj", "{8EFD2574-595A-49C8-9D97-71467943234E}"
EndProject
Project("{FAE04EC0-301F-11D3-BF4B-00C04F79EFBC}") = "022-Task", "022-Task\022-Task.csproj", "{D93C54DB-5C3C-45F9-A5D6-F5525662B9E5}"
EndProject
Project("{FAE04EC0-301F-11D3-BF4B-00C04F79EFBC}") = "023-Task", "023-Task\023-Task.csproj", "{9F5C7A02-452A-4959-8A66-B7321C6C6680}"
EndProject
Project("{FAE04EC0-301F-11D3-BF4B-00C04F79EFBC}") = "024-Task", "024-Task\024-Task.csproj", "{21AEA69C-418B-465D-85C5-76D341DF831E}"
EndProject
Project("{FAE04EC0-301F-11D3-BF4B-00C04F79EFBC}") = "025-Task", "025-Task\025-Task.csproj", "{09AD854B-3376-4F7A-B060-8533F22F2ABF}"
EndProject
Project("{FAE04EC0-301F-11D3-BF4B-00C04F79EFBC}") = "026-Task", "026-Task\026-Task.csproj", "{86252255-A1F3-4766-921C-B507AFAD5B57}"
EndProject
Global
	GlobalSection(SolutionConfigurationPlatforms) = preSolution
		Debug|Any CPU = Debug|Any CPU
		Release|Any CPU = Release|Any CPU
	EndGlobalSection
	GlobalSection(ProjectConfigurationPlatforms) = postSolution
		{E012BF19-FB44-4456-9932-063EC0F9EE4B}.Debug|Any CPU.ActiveCfg = Debug|Any CPU
		{E012BF19-FB44-4456-9932-063EC0F9EE4B}.Debug|Any CPU.Build.0 = Debug|Any CPU
		{E012BF19-FB44-4456-9932-063EC0F9EE4B}.Release|Any CPU.ActiveCfg = Release|Any CPU
		{E012BF19-FB44-4456-9932-063EC0F9EE4B}.Release|Any CPU.Build.0 = Release|Any CPU
		{5C59D925-EAD3-4FCD-9FB0-3D4659CB64C4}.Debug|Any CPU.ActiveCfg = Debug|Any CPU
		{5C59D925-EAD3-4FCD-9FB0-3D4659CB64C4}.Debug|Any CPU.Build.0 = Debug|Any CPU
		{5C59D925-EAD3-4FCD-9FB0-3D4659CB64C4}.Release|Any CPU.ActiveCfg = Release|Any CPU
		{5C59D925-EAD3-4FCD-9FB0-3D4659CB64C4}.Release|Any CPU.Build.0 = Release|Any CPU
		{3600AA8D-1D6D-4B71-8D26-9D99B48C6EEB}.Debug|Any CPU.ActiveCfg = Debug|Any CPU
		{3600AA8D-1D6D-4B71-8D26-9D99B48C6EEB}.Debug|Any CPU.Build.0 = Debug|Any CPU
		{3600AA8D-1D6D-4B71-8D26-9D99B48C6EEB}.Release|Any CPU.ActiveCfg = Release|Any CPU
		{3600AA8D-1D6D-4B71-8D26-9D99B48C6EEB}.Release|Any CPU.Build.0 = Release|Any CPU
		{06115B73-EE0D-4293-BEFB-80A53B8F42DC}.Debug|Any CPU.ActiveCfg = Debug|Any CPU
		{06115B73-EE0D-4293-BEFB-80A53B8F42DC}.Debug|Any CPU.Build.0 = Debug|Any CPU
		{06115B73-EE0D-4293-BEFB-80A53B8F42DC}.Release|Any CPU.ActiveCfg = Release|Any CPU
		{06115B73-EE0D-4293-BEFB-80A53B8F42DC}.Release|Any CPU.Build.0 = Release|Any CPU
		{ECBFBFD0-83AF-42EC-AA54-ED597E727BE3}.Debug|Any CPU.ActiveCfg = Debug|Any CPU
		{ECBFBFD0-83AF-42EC-AA54-ED597E727BE3}.Debug|Any CPU.Build.0 = Debug|Any CPU
		{ECBFBFD0-83AF-42EC-AA54-ED597E727BE3}.Release|Any CPU.ActiveCfg = Release|Any CPU
		{ECBFBFD0-83AF-42EC-AA54-ED597E727BE3}.Release|Any CPU.Build.0 = Release|Any CPU
		{594CD1D1-8452-4CF6-A72D-0773A408A7E1}.Debug|Any CPU.ActiveCfg = Debug|Any CPU
		{594CD1D1-8452-4CF6-A72D-0773A408A7E1}.Debug|Any CPU.Build.0 = Debug|Any CPU
		{594CD1D1-8452-4CF6-A72D-0773A408A7E1}.Release|Any CPU.ActiveCfg = Release|Any CPU
		{594CD1D1-8452-4CF6-A72D-0773A408A7E1}.Release|Any CPU.Build.0 = Release|Any CPU
		{C66AE2BD-D873-4B8A-A05C-C8B3605574B5}.Debug|Any CPU.ActiveCfg = Debug|Any CPU
		{C66AE2BD-D873-4B8A-A05C-C8B3605574B5}.Debug|Any CPU.Build.0 = Debug|Any CPU
		{C66AE2BD-D873-4B8A-A05C-C8B3605574B5}.Release|Any CPU.ActiveCfg = Release|Any CPU
		{C66AE2BD-D873-4B8A-A05C-C8B3605574B5}.Release|Any CPU.Build.0 = Release|Any CPU
		{6E61D49A-4006-46D1-B73D-53F8C2221DE3}.Debug|Any CPU.ActiveCfg = Debug|Any CPU
		{6E61D49A-4006-46D1-B73D-53F8C2221DE3}.Debug|Any CPU.Build.0 = Debug|Any CPU
		{6E61D49A-4006-46D1-B73D-53F8C2221DE3}.Release|Any CPU.ActiveCfg = Release|Any CPU
		{6E61D49A-4006-46D1-B73D-53F8C2221DE3}.Release|Any CPU.Build.0 = Release|Any CPU
		{716AA80D-95BE-43A1-9915-4105DD0F691C}.Debug|Any CPU.ActiveCfg = Debug|Any CPU
		{716AA80D-95BE-43A1-9915-4105DD0F691C}.Debug|Any CPU.Build.0 = Debug|Any CPU
		{716AA80D-95BE-43A1-9915-4105DD0F691C}.Release|Any CPU.ActiveCfg = Release|Any CPU
		{716AA80D-95BE-43A1-9915-4105DD0F691C}.Release|Any CPU.Build.0 = Release|Any CPU
		{40F0A8D7-CEA1-4350-992D-EDAA83C95011}.Debug|Any CPU.ActiveCfg = Debug|Any CPU
		{40F0A8D7-CEA1-4350-992D-EDAA83C95011}.Debug|Any CPU.Build.0 = Debug|Any CPU
		{40F0A8D7-CEA1-4350-992D-EDAA83C95011}.Release|Any CPU.ActiveCfg = Release|Any CPU
		{40F0A8D7-CEA1-4350-992D-EDAA83C95011}.Release|Any CPU.Build.0 = Release|Any CPU
		{23C6E233-5E87-43BD-A0E1-A0742C5E4AD4}.Debug|Any CPU.ActiveCfg = Debug|Any CPU
		{23C6E233-5E87-43BD-A0E1-A0742C5E4AD4}.Debug|Any CPU.Build.0 = Debug|Any CPU
		{23C6E233-5E87-43BD-A0E1-A0742C5E4AD4}.Release|Any CPU.ActiveCfg = Release|Any CPU
		{23C6E233-5E87-43BD-A0E1-A0742C5E4AD4}.Release|Any CPU.Build.0 = Release|Any CPU
		{AB2D8762-502F-4D1A-A5BD-1F47D98EB025}.Debug|Any CPU.ActiveCfg = Debug|Any CPU
		{AB2D8762-502F-4D1A-A5BD-1F47D98EB025}.Debug|Any CPU.Build.0 = Debug|Any CPU
		{AB2D8762-502F-4D1A-A5BD-1F47D98EB025}.Release|Any CPU.ActiveCfg = Release|Any CPU
		{AB2D8762-502F-4D1A-A5BD-1F47D98EB025}.Release|Any CPU.Build.0 = Release|Any CPU
		{5EBA8826-0E1E-48BF-AC2D-D96216E8C427}.Debug|Any CPU.ActiveCfg = Debug|Any CPU
		{5EBA8826-0E1E-48BF-AC2D-D96216E8C427}.Debug|Any CPU.Build.0 = Debug|Any CPU
		{5EBA8826-0E1E-48BF-AC2D-D96216E8C427}.Release|Any CPU.ActiveCfg = Release|Any CPU
		{5EBA8826-0E1E-48BF-AC2D-D96216E8C427}.Release|Any CPU.Build.0 = Release|Any CPU
		{704259F7-3CC8-4321-AFD1-2AA76E087BBA}.Debug|Any CPU.ActiveCfg = Debug|Any CPU
		{704259F7-3CC8-4321-AFD1-2AA76E087BBA}.Debug|Any CPU.Build.0 = Debug|Any CPU
		{704259F7-3CC8-4321-AFD1-2AA76E087BBA}.Release|Any CPU.ActiveCfg = Release|Any CPU
		{704259F7-3CC8-4321-AFD1-2AA76E087BBA}.Release|Any CPU.Build.0 = Release|Any CPU
		{148002AF-1725-4EE5-A3B1-9C77EC864D92}.Debug|Any CPU.ActiveCfg = Debug|Any CPU
		{148002AF-1725-4EE5-A3B1-9C77EC864D92}.Debug|Any CPU.Build.0 = Debug|Any CPU
		{148002AF-1725-4EE5-A3B1-9C77EC864D92}.Release|Any CPU.ActiveCfg = Release|Any CPU
		{148002AF-1725-4EE5-A3B1-9C77EC864D92}.Release|Any CPU.Build.0 = Release|Any CPU
		{FA79F3E3-F97B-4C6C-9764-EFB265F31837}.Debug|Any CPU.ActiveCfg = Debug|Any CPU
		{FA79F3E3-F97B-4C6C-9764-EFB265F31837}.Debug|Any CPU.Build.0 = Debug|Any CPU
		{FA79F3E3-F97B-4C6C-9764-EFB265F31837}.Release|Any CPU.ActiveCfg = Release|Any CPU
		{FA79F3E3-F97B-4C6C-9764-EFB265F31837}.Release|Any CPU.Build.0 = Release|Any CPU
		{BC20B003-7F0F-4E5C-8130-2BDE73B83E43}.Debug|Any CPU.ActiveCfg = Debug|Any CPU
		{BC20B003-7F0F-4E5C-8130-2BDE73B83E43}.Debug|Any CPU.Build.0 = Debug|Any CPU
		{BC20B003-7F0F-4E5C-8130-2BDE73B83E43}.Release|Any CPU.ActiveCfg = Release|Any CPU
		{BC20B003-7F0F-4E5C-8130-2BDE73B83E43}.Release|Any CPU.Build.0 = Release|Any CPU
		{49D529E2-B9E8-4973-8E24-0AD2F4C26171}.Debug|Any CPU.ActiveCfg = Debug|Any CPU
		{49D529E2-B9E8-4973-8E24-0AD2F4C26171}.Debug|Any CPU.Build.0 = Debug|Any CPU
		{49D529E2-B9E8-4973-8E24-0AD2F4C26171}.Release|Any CPU.ActiveCfg = Release|Any CPU
		{49D529E2-B9E8-4973-8E24-0AD2F4C26171}.Release|Any CPU.Build.0 = Release|Any CPU
		{3DA73A0D-D19A-424E-9A1B-AD29319ACD1F}.Debug|Any CPU.ActiveCfg = Debug|Any CPU
		{3DA73A0D-D19A-424E-9A1B-AD29319ACD1F}.Debug|Any CPU.Build.0 = Debug|Any CPU
		{3DA73A0D-D19A-424E-9A1B-AD29319ACD1F}.Release|Any CPU.ActiveCfg = Release|Any CPU
		{3DA73A0D-D19A-424E-9A1B-AD29319ACD1F}.Release|Any CPU.Build.0 = Release|Any CPU
		{36CC1B23-CF99-4994-BE0C-0ECAD9446111}.Debug|Any CPU.ActiveCfg = Debug|Any CPU
		{36CC1B23-CF99-4994-BE0C-0ECAD9446111}.Debug|Any CPU.Build.0 = Debug|Any CPU
		{36CC1B23-CF99-4994-BE0C-0ECAD9446111}.Release|Any CPU.ActiveCfg = Release|Any CPU
		{36CC1B23-CF99-4994-BE0C-0ECAD9446111}.Release|Any CPU.Build.0 = Release|Any CPU
		{8EFD2574-595A-49C8-9D97-71467943234E}.Debug|Any CPU.ActiveCfg = Debug|Any CPU
		{8EFD2574-595A-49C8-9D97-71467943234E}.Debug|Any CPU.Build.0 = Debug|Any CPU
		{8EFD2574-595A-49C8-9D97-71467943234E}.Release|Any CPU.ActiveCfg = Release|Any CPU
		{8EFD2574-595A-49C8-9D97-71467943234E}.Release|Any CPU.Build.0 = Release|Any CPU
		{D93C54DB-5C3C-45F9-A5D6-F5525662B9E5}.Debug|Any CPU.ActiveCfg = Debug|Any CPU
		{D93C54DB-5C3C-45F9-A5D6-F5525662B9E5}.Debug|Any CPU.Build.0 = Debug|Any CPU
		{D93C54DB-5C3C-45F9-A5D6-F5525662B9E5}.Release|Any CPU.ActiveCfg = Release|Any CPU
		{D93C54DB-5C3C-45F9-A5D6-F5525662B9E5}.Release|Any CPU.Build.0 = Release|Any CPU
		{9F5C7A02-452A-4959-8A66-B7321C6C6680}.Debug|Any CPU.ActiveCfg = Debug|Any CPU
		{9F5C7A02-452A-4959-8A66-B7321C6C6680}.Debug|Any CPU.Build.0 = Debug|Any CPU
		{9F5C7A02-452A-4959-8A66-B7321C6C6680}.Release|Any CPU.ActiveCfg = Release|Any CPU
		{9F5C7A02-452A-4959-8A66-B7321C6C6680}.Release|Any CPU.Build.0 = Release|Any CPU
		{21AEA69C-418B-465D-85C5-76D341DF831E}.Debug|Any CPU.ActiveCfg = Debug|Any CPU
		{21AEA69C-418B-465D-85C5-76D341DF831E}.Debug|Any CPU.Build.0 = Debug|Any CPU
		{21AEA69C-418B-465D-85C5-76D341DF831E}.Release|Any CPU.ActiveCfg = Release|Any CPU
		{21AEA69C-418B-465D-85C5-76D341DF831E}.Release|Any CPU.Build.0 = Release|Any CPU
		{09AD854B-3376-4F7A-B060-8533F22F2ABF}.Debug|Any CPU.ActiveCfg = Debug|Any CPU
		{09AD854B-3376-4F7A-B060-8533F22F2ABF}.Debug|Any CPU.Build.0 = Debug|Any CPU
		{09AD854B-3376-4F7A-B060-8533F22F2ABF}.Release|Any CPU.ActiveCfg = Release|Any CPU
		{09AD854B-3376-4F7A-B060-8533F22F2ABF}.Release|Any CPU.Build.0 = Release|Any CPU
		{86252255-A1F3-4766-921C-B507AFAD5B57}.Debug|Any CPU.ActiveCfg = Debug|Any CPU
		{86252255-A1F3-4766-921C-B507AFAD5B57}.Debug|Any CPU.Build.0 = Debug|Any CPU
		{86252255-A1F3-4766-921C-B507AFAD5B57}.Release|Any CPU.ActiveCfg = Release|Any CPU
		{86252255-A1F3-4766-921C-B507AFAD5B57}.Release|Any CPU.Build.0 = Release|Any CPU
	EndGlobalSection
	GlobalSection(SolutionProperties) = preSolution
		HideSolutionNode = FALSE
	EndGlobalSection
	GlobalSection(ExtensibilityGlobals) = postSolution
		SolutionGuid = {3969E271-2529-4033-B27D-02BDDA12B23F}
	EndGlobalSection
EndGlobal
