
Microsoft Visual Studio Solution File, Format Version 12.00
# Visual Studio Version 17
VisualStudioVersion = 17.10.35013.160
MinimumVisualStudioVersion = 10.0.40219.1
Project("{FAE04EC0-301F-11D3-BF4B-00C04F79EFBC}") = "001-Task", "001-Task\001-Task.csproj", "{E012BF19-FB44-4456-9932-063EC0F9EE4B}"
EndProject
Project("{FAE04EC0-301F-11D3-BF4B-00C04F79EFBC}") = "002-Task", "002-Task\002-Task.csproj", "{5C59D925-EAD3-4FCD-9FB0-3D4659CB64C4}"
EndProject
Project("{FAE04EC0-301F-11D3-BF4B-00C04F79EFBC}") = "003-Task", "003-Task\003-Task.csproj", "{3600AA8D-1D6D-4B71-8D26-9D99B48C6EEB}"
EndProject
Project("{FAE04EC0-301F-11D3-BF4B-00C04F79EFBC}") = "004-Task", "004-Task\004-Task.csproj", "{06115B73-EE0D-4293-BEFB-80A53B8F42DC}"
EndProject
Project("{FAE04EC0-301F-11D3-BF4B-00C04F79EFBC}") = "005-Task", "005-Task\005-Task.csproj", "{ECBFBFD0-83AF-42EC-AA54-ED597E727BE3}"
EndProject
Project("{FAE04EC0-301F-11D3-BF4B-00C04F79EFBC}") = "006-Task", "006-Task\006-Task.csproj", "{594CD1D1-8452-4CF6-A72D-0773A408A7E1}"
EndProject
Project("{FAE04EC0-301F-11D3-BF4B-00C04F79EFBC}") = "007-Task", "007-Task\007-Task.csproj", "{C66AE2BD-D873-4B8A-A05C-C8B3605574B5}"
EndProject
Project("{FAE04EC0-301F-11D3-BF4B-00C04F79EFBC}") = "008-Task", "008-Task\008-Task.csproj", "{6E61D49A-4006-46D1-B73D-53F8C2221DE3}"
EndProject
Project("{FAE04EC0-301F-11D3-BF4B-00C04F79EFBC}") = "009-Task", "009-Task\009-Task.csproj", "{716AA80D-95BE-43A1-9915-4105DD0F691C}"
EndProject
Project("{FAE04EC0-301F-11D3-BF4B-00C04F79EFBC}") = "010-Task", "010-Task\010-Task.csproj", "{40F0A8D7-CEA1-4350-992D-EDAA83C95011}"
EndProject
Global
	GlobalSection(SolutionConfigurationPlatforms) = preSolution
		Debug|Any CPU = Debug|Any CPU
		Release|Any CPU = Release|Any CPU
	EndGlobalSection
	GlobalSection(ProjectConfigurationPlatforms) = postSolution
		{E012BF19-FB44-4456-9932-063EC0F9EE4B}.Debug|Any CPU.ActiveCfg = Debug|Any CPU
		{E012BF19-FB44-4456-9932-063EC0F9EE4B}.Debug|Any CPU.Build.0 = Debug|Any CPU
		{E012BF19-FB44-4456-9932-063EC0F9EE4B}.Release|Any CPU.ActiveCfg = Release|Any CPU
		{E012BF19-FB44-4456-9932-063EC0F9EE4B}.Release|Any CPU.Build.0 = Release|Any CPU
		{5C59D925-EAD3-4FCD-9FB0-3D4659CB64C4}.Debug|Any CPU.ActiveCfg = Debug|Any CPU
		{5C59D925-EAD3-4FCD-9FB0-3D4659CB64C4}.Debug|Any CPU.Build.0 = Debug|Any CPU
		{5C59D925-EAD3-4FCD-9FB0-3D4659CB64C4}.Release|Any CPU.ActiveCfg = Release|Any CPU
		{5C59D925-EAD3-4FCD-9FB0-3D4659CB64C4}.Release|Any CPU.Build.0 = Release|Any CPU
		{3600AA8D-1D6D-4B71-8D26-9D99B48C6EEB}.Debug|Any CPU.ActiveCfg = Debug|Any CPU
		{3600AA8D-1D6D-4B71-8D26-9D99B48C6EEB}.Debug|Any CPU.Build.0 = Debug|Any CPU
		{3600AA8D-1D6D-4B71-8D26-9D99B48C6EEB}.Release|Any CPU.ActiveCfg = Release|Any CPU
		{3600AA8D-1D6D-4B71-8D26-9D99B48C6EEB}.Release|Any CPU.Build.0 = Release|Any CPU
		{06115B73-EE0D-4293-BEFB-80A53B8F42DC}.Debug|Any CPU.ActiveCfg = Debug|Any CPU
		{06115B73-EE0D-4293-BEFB-80A53B8F42DC}.Debug|Any CPU.Build.0 = Debug|Any CPU
		{06115B73-EE0D-4293-BEFB-80A53B8F42DC}.Release|Any CPU.ActiveCfg = Release|Any CPU
		{06115B73-EE0D-4293-BEFB-80A53B8F42DC}.Release|Any CPU.Build.0 = Release|Any CPU
		{ECBFBFD0-83AF-42EC-AA54-ED597E727BE3}.Debug|Any CPU.ActiveCfg = Debug|Any CPU
		{ECBFBFD0-83AF-42EC-AA54-ED597E727BE3}.Debug|Any CPU.Build.0 = Debug|Any CPU
		{ECBFBFD0-83AF-42EC-AA54-ED597E727BE3}.Release|Any CPU.ActiveCfg = Release|Any CPU
		{ECBFBFD0-83AF-42EC-AA54-ED597E727BE3}.Release|Any CPU.Build.0 = Release|Any CPU
		{594CD1D1-8452-4CF6-A72D-0773A408A7E1}.Debug|Any CPU.ActiveCfg = Debug|Any CPU
		{594CD1D1-8452-4CF6-A72D-0773A408A7E1}.Debug|Any CPU.Build.0 = Debug|Any CPU
		{594CD1D1-8452-4CF6-A72D-0773A408A7E1}.Release|Any CPU.ActiveCfg = Release|Any CPU
		{594CD1D1-8452-4CF6-A72D-0773A408A7E1}.Release|Any CPU.Build.0 = Release|Any CPU
		{C66AE2BD-D873-4B8A-A05C-C8B3605574B5}.Debug|Any CPU.ActiveCfg = Debug|Any CPU
		{C66AE2BD-D873-4B8A-A05C-C8B3605574B5}.Debug|Any CPU.Build.0 = Debug|Any CPU
		{C66AE2BD-D873-4B8A-A05C-C8B3605574B5}.Release|Any CPU.ActiveCfg = Release|Any CPU
		{C66AE2BD-D873-4B8A-A05C-C8B3605574B5}.Release|Any CPU.Build.0 = Release|Any CPU
		{6E61D49A-4006-46D1-B73D-53F8C2221DE3}.Debug|Any CPU.ActiveCfg = Debug|Any CPU
		{6E61D49A-4006-46D1-B73D-53F8C2221DE3}.Debug|Any CPU.Build.0 = Debug|Any CPU
		{6E61D49A-4006-46D1-B73D-53F8C2221DE3}.Release|Any CPU.ActiveCfg = Release|Any CPU
		{6E61D49A-4006-46D1-B73D-53F8C2221DE3}.Release|Any CPU.Build.0 = Release|Any CPU
		{716AA80D-95BE-43A1-9915-4105DD0F691C}.Debug|Any CPU.ActiveCfg = Debug|Any CPU
		{716AA80D-95BE-43A1-9915-4105DD0F691C}.Debug|Any CPU.Build.0 = Debug|Any CPU
		{716AA80D-95BE-43A1-9915-4105DD0F691C}.Release|Any CPU.ActiveCfg = Release|Any CPU
		{716AA80D-95BE-43A1-9915-4105DD0F691C}.Release|Any CPU.Build.0 = Release|Any CPU
		{40F0A8D7-CEA1-4350-992D-EDAA83C95011}.Debug|Any CPU.ActiveCfg = Debug|Any CPU
		{40F0A8D7-CEA1-4350-992D-EDAA83C95011}.Debug|Any CPU.Build.0 = Debug|Any CPU
		{40F0A8D7-CEA1-4350-992D-EDAA83C95011}.Release|Any CPU.ActiveCfg = Release|Any CPU
		{40F0A8D7-CEA1-4350-992D-EDAA83C95011}.Release|Any CPU.Build.0 = Release|Any CPU
	EndGlobalSection
	GlobalSection(SolutionProperties) = preSolution
		HideSolutionNode = FALSE
	EndGlobalSection
	GlobalSection(ExtensibilityGlobals) = postSolution
		SolutionGuid = {3969E271-2529-4033-B27D-02BDDA12B23F}
	EndGlobalSection
EndGlobal
